
Microsoft Visual Studio Solution File, Format Version 12.00
# Visual Studio Version 16
VisualStudioVersion = 16.0.30804.86
MinimumVisualStudioVersion = 10.0.40219.1
Project("{FAE04EC0-301F-11D3-BF4B-00C04F79EFBC}") = "Animals", "Animals\Animals.csproj", "{A76EF7DF-8076-4452-BEB3-A47831EC54AD}"
EndProject
Global
	GlobalSection(SolutionConfigurationPlatforms) = preSolution
		Debug|Any CPU = Debug|Any CPU
		Release|Any CPU = Release|Any CPU
	EndGlobalSection
	GlobalSection(ProjectConfigurationPlatforms) = postSolution
		{A76EF7DF-8076-4452-BEB3-A47831EC54AD}.Debug|Any CPU.ActiveCfg = Debug|Any CPU
		{A76EF7DF-8076-4452-BEB3-A47831EC54AD}.Debug|Any CPU.Build.0 = Debug|Any CPU
		{A76EF7DF-8076-4452-BEB3-A47831EC54AD}.Release|Any CPU.ActiveCfg = Release|Any CPU
		{A76EF7DF-8076-4452-BEB3-A47831EC54AD}.Release|Any CPU.Build.0 = Release|Any CPU
	EndGlobalSection
	GlobalSection(SolutionProperties) = preSolution
		HideSolutionNode = FALSE
	EndGlobalSection
	GlobalSection(ExtensibilityGlobals) = postSolution
		SolutionGuid = {4DC88438-9A27-42D0-B705-1AC6DD361B7A}
	EndGlobalSection
EndGlobal
